// !$*UTF8*$!
{
	archiveVersion = 1;
	classes = {
	};
	objectVersion = 51;
	objects = {

/* Begin PBXBuildFile section */
		0710174A21636ADD008C27FD /* MyExtensions.swift in Sources */ = {isa = PBXBuildFile; fileRef = 0710174921636ADD008C27FD /* MyExtensions.swift */; };
		0724275A2144F95A001D0F40 /* AppDelegate.swift in Sources */ = {isa = PBXBuildFile; fileRef = 072427592144F95A001D0F40 /* AppDelegate.swift */; };
		0724275C2144F95A001D0F40 /* LoginViewController.swift in Sources */ = {isa = PBXBuildFile; fileRef = 0724275B2144F95A001D0F40 /* LoginViewController.swift */; };
		0724275F2144F95A001D0F40 /* Main.storyboard in Resources */ = {isa = PBXBuildFile; fileRef = 0724275D2144F95A001D0F40 /* Main.storyboard */; };
		072427622144F95A001D0F40 /* SNSApp.xcdatamodeld in Sources */ = {isa = PBXBuildFile; fileRef = 072427602144F95A001D0F40 /* SNSApp.xcdatamodeld */; };
		072427642144F95C001D0F40 /* Assets.xcassets in Resources */ = {isa = PBXBuildFile; fileRef = 072427632144F95C001D0F40 /* Assets.xcassets */; };
		072427672144F95C001D0F40 /* LaunchScreen.storyboard in Resources */ = {isa = PBXBuildFile; fileRef = 072427652144F95C001D0F40 /* LaunchScreen.storyboard */; };
		072427722144F95C001D0F40 /* SNSAppTests.swift in Sources */ = {isa = PBXBuildFile; fileRef = 072427712144F95C001D0F40 /* SNSAppTests.swift */; };
		0724277D2144F95C001D0F40 /* SNSAppUITests.swift in Sources */ = {isa = PBXBuildFile; fileRef = 0724277C2144F95C001D0F40 /* SNSAppUITests.swift */; };
		0724278C2144FE17001D0F40 /* UIFuncs.swift in Sources */ = {isa = PBXBuildFile; fileRef = 0724278B2144FE17001D0F40 /* UIFuncs.swift */; };
		0724278E2144FF3A001D0F40 /* Podfile in Resources */ = {isa = PBXBuildFile; fileRef = 0724278D2144FF3A001D0F40 /* Podfile */; };
		07397A01216F0B3E00B7B191 /* WebAPIExtension.swift in Sources */ = {isa = PBXBuildFile; fileRef = 07397A00216F0B3D00B7B191 /* WebAPIExtension.swift */; };
		074194C7216C683A00B1B58B /* PostListModel.swift in Sources */ = {isa = PBXBuildFile; fileRef = 074194C6216C683A00B1B58B /* PostListModel.swift */; };
		079A1DBF2158897D00CD57DC /* WebAPIHandler.swift in Sources */ = {isa = PBXBuildFile; fileRef = 079A1DBE2158897D00CD57DC /* WebAPIHandler.swift */; };
		079A1DC22158AEEB00CD57DC /* SignupFormController.swift in Sources */ = {isa = PBXBuildFile; fileRef = 079A1DC12158AEEB00CD57DC /* SignupFormController.swift */; };
		079A1DC42158AF3100CD57DC /* BaseFormController.swift in Sources */ = {isa = PBXBuildFile; fileRef = 079A1DC32158AF3100CD57DC /* BaseFormController.swift */; };
		079A1DC82158B32200CD57DC /* FormSectionTitle.swift in Sources */ = {isa = PBXBuildFile; fileRef = 079A1DC52158B32200CD57DC /* FormSectionTitle.swift */; };
		079A1DC92158B32200CD57DC /* FormSectionTItle.xib in Resources */ = {isa = PBXBuildFile; fileRef = 079A1DC62158B32200CD57DC /* FormSectionTItle.xib */; };
		079A1DCC2158C9F900CD57DC /* SignupViewController.swift in Sources */ = {isa = PBXBuildFile; fileRef = 079A1DCB2158C9F900CD57DC /* SignupViewController.swift */; };
		079A1DCF2158E51D00CD57DC /* DateHelper.swift in Sources */ = {isa = PBXBuildFile; fileRef = 079A1DCE2158E51D00CD57DC /* DateHelper.swift */; };
		079A1DD12158F19800CD57DC /* AppDelegateExtension.swift in Sources */ = {isa = PBXBuildFile; fileRef = 079A1DD02158F19700CD57DC /* AppDelegateExtension.swift */; };
		079A1DE52158F4E200CD57DC /* Upload.storyboard in Resources */ = {isa = PBXBuildFile; fileRef = 079A1DDD2158F4E100CD57DC /* Upload.storyboard */; };
		07C4DB81216311E600D778B5 /* UploadViewController.swift in Sources */ = {isa = PBXBuildFile; fileRef = 07C4DB80216311E600D778B5 /* UploadViewController.swift */; };
		07C4DB832163166E00D778B5 /* Log.swift in Sources */ = {isa = PBXBuildFile; fileRef = 07C4DB822163166E00D778B5 /* Log.swift */; };
		097D8E4E21749034004082AB /* .gitignore in Resources */ = {isa = PBXBuildFile; fileRef = 097D8E4D21749034004082AB /* .gitignore */; };
		1C14F8472359E92500EAC92F /* HomeCollectionViewController.swift in Sources */ = {isa = PBXBuildFile; fileRef = 1C14F8462359E92500EAC92F /* HomeCollectionViewController.swift */; };
		1C14F8492359EC7100EAC92F /* HomeCollectionViewCell.swift in Sources */ = {isa = PBXBuildFile; fileRef = 1C14F8482359EC7100EAC92F /* HomeCollectionViewCell.swift */; };
		1C31F4F92323263F009FEE4F /* LandmarkViewController.swift in Sources */ = {isa = PBXBuildFile; fileRef = 1C31F4F82323263F009FEE4F /* LandmarkViewController.swift */; };
		1C31F4FB23232AE4009FEE4F /* StreetViewViewController.swift in Sources */ = {isa = PBXBuildFile; fileRef = 1C31F4FA23232AE4009FEE4F /* StreetViewViewController.swift */; };
		1C31F4FE23232BBB009FEE4F /* Landmark.storyboard in Resources */ = {isa = PBXBuildFile; fileRef = 1C31F4FC23232BBB009FEE4F /* Landmark.storyboard */; };
		1C31F4FF23232BBB009FEE4F /* StreetView.storyboard in Resources */ = {isa = PBXBuildFile; fileRef = 1C31F4FD23232BBB009FEE4F /* StreetView.storyboard */; };
		1C31F5032323304E009FEE4F /* MapViewController.swift in Sources */ = {isa = PBXBuildFile; fileRef = 1C31F5012323304E009FEE4F /* MapViewController.swift */; };
		1C31F5042323304E009FEE4F /* MapViewController.xib in Resources */ = {isa = PBXBuildFile; fileRef = 1C31F5022323304E009FEE4F /* MapViewController.xib */; };
		1C5516FD234B3D4500F07AD2 /* LandmarkData.swift in Sources */ = {isa = PBXBuildFile; fileRef = 1C5516FC234B3D4500F07AD2 /* LandmarkData.swift */; };
		1C5516FF234B57F600F07AD2 /* PredictResult.swift in Sources */ = {isa = PBXBuildFile; fileRef = 1C5516FE234B57F600F07AD2 /* PredictResult.swift */; };
		1C9683482343628A006AE3EE /* HomeViewController.swift in Sources */ = {isa = PBXBuildFile; fileRef = 1C9683472343628A006AE3EE /* HomeViewController.swift */; };
		1C96834A234362A6006AE3EE /* HomeTableViewCell.swift in Sources */ = {isa = PBXBuildFile; fileRef = 1C968349234362A6006AE3EE /* HomeTableViewCell.swift */; };
		1C96834C23436A5D006AE3EE /* HomeDetailViewController.swift in Sources */ = {isa = PBXBuildFile; fileRef = 1C96834B23436A5D006AE3EE /* HomeDetailViewController.swift */; };
		2493885B81FB03B9AF667DA9 /* Pods_SNSApp.framework in Frameworks */ = {isa = PBXBuildFile; fileRef = 3416517569D00D4515C9862D /* Pods_SNSApp.framework */; };
/* End PBXBuildFile section */

/* Begin PBXContainerItemProxy section */
		0724276E2144F95C001D0F40 /* PBXContainerItemProxy */ = {
			isa = PBXContainerItemProxy;
			containerPortal = 0724274E2144F959001D0F40 /* Project object */;
			proxyType = 1;
			remoteGlobalIDString = 072427552144F959001D0F40;
			remoteInfo = SNSApp;
		};
		072427792144F95C001D0F40 /* PBXContainerItemProxy */ = {
			isa = PBXContainerItemProxy;
			containerPortal = 0724274E2144F959001D0F40 /* Project object */;
			proxyType = 1;
			remoteGlobalIDString = 072427552144F959001D0F40;
			remoteInfo = SNSApp;
		};
/* End PBXContainerItemProxy section */

/* Begin PBXFileReference section */
		0710174921636ADD008C27FD /* MyExtensions.swift */ = {isa = PBXFileReference; lastKnownFileType = sourcecode.swift; path = MyExtensions.swift; sourceTree = "<group>"; };
		0710174B2164250E008C27FD /* kn_todo.md */ = {isa = PBXFileReference; lastKnownFileType = net.daringfireball.markdown; path = kn_todo.md; sourceTree = "<group>"; };
		072427562144F95A001D0F40 /* SNSApp.app */ = {isa = PBXFileReference; explicitFileType = wrapper.application; includeInIndex = 0; path = SNSApp.app; sourceTree = BUILT_PRODUCTS_DIR; };
		072427592144F95A001D0F40 /* AppDelegate.swift */ = {isa = PBXFileReference; lastKnownFileType = sourcecode.swift; path = AppDelegate.swift; sourceTree = "<group>"; };
		0724275B2144F95A001D0F40 /* LoginViewController.swift */ = {isa = PBXFileReference; lastKnownFileType = sourcecode.swift; path = LoginViewController.swift; sourceTree = "<group>"; };
		0724275E2144F95A001D0F40 /* Base */ = {isa = PBXFileReference; lastKnownFileType = file.storyboard; name = Base; path = Base.lproj/Main.storyboard; sourceTree = "<group>"; };
		072427612144F95A001D0F40 /* SNSApp.xcdatamodel */ = {isa = PBXFileReference; lastKnownFileType = wrapper.xcdatamodel; path = SNSApp.xcdatamodel; sourceTree = "<group>"; };
		072427632144F95C001D0F40 /* Assets.xcassets */ = {isa = PBXFileReference; lastKnownFileType = folder.assetcatalog; path = Assets.xcassets; sourceTree = "<group>"; };
		072427662144F95C001D0F40 /* Base */ = {isa = PBXFileReference; lastKnownFileType = file.storyboard; name = Base; path = Base.lproj/LaunchScreen.storyboard; sourceTree = "<group>"; };
		072427682144F95C001D0F40 /* Info.plist */ = {isa = PBXFileReference; lastKnownFileType = text.plist.xml; path = Info.plist; sourceTree = "<group>"; };
		0724276D2144F95C001D0F40 /* SNSAppTests.xctest */ = {isa = PBXFileReference; explicitFileType = wrapper.cfbundle; includeInIndex = 0; path = SNSAppTests.xctest; sourceTree = BUILT_PRODUCTS_DIR; };
		072427712144F95C001D0F40 /* SNSAppTests.swift */ = {isa = PBXFileReference; lastKnownFileType = sourcecode.swift; path = SNSAppTests.swift; sourceTree = "<group>"; };
		072427732144F95C001D0F40 /* Info.plist */ = {isa = PBXFileReference; lastKnownFileType = text.plist.xml; path = Info.plist; sourceTree = "<group>"; };
		072427782144F95C001D0F40 /* SNSAppUITests.xctest */ = {isa = PBXFileReference; explicitFileType = wrapper.cfbundle; includeInIndex = 0; path = SNSAppUITests.xctest; sourceTree = BUILT_PRODUCTS_DIR; };
		0724277C2144F95C001D0F40 /* SNSAppUITests.swift */ = {isa = PBXFileReference; lastKnownFileType = sourcecode.swift; path = SNSAppUITests.swift; sourceTree = "<group>"; };
		0724277E2144F95C001D0F40 /* Info.plist */ = {isa = PBXFileReference; lastKnownFileType = text.plist.xml; path = Info.plist; sourceTree = "<group>"; };
		0724278B2144FE17001D0F40 /* UIFuncs.swift */ = {isa = PBXFileReference; lastKnownFileType = sourcecode.swift; path = UIFuncs.swift; sourceTree = "<group>"; };
		0724278D2144FF3A001D0F40 /* Podfile */ = {isa = PBXFileReference; lastKnownFileType = text; path = Podfile; sourceTree = "<group>"; xcLanguageSpecificationIdentifier = xcode.lang.ruby; };
		0724278F21450166001D0F40 /* README.md */ = {isa = PBXFileReference; lastKnownFileType = net.daringfireball.markdown; path = README.md; sourceTree = "<group>"; };
		07397A00216F0B3D00B7B191 /* WebAPIExtension.swift */ = {isa = PBXFileReference; lastKnownFileType = sourcecode.swift; path = WebAPIExtension.swift; sourceTree = "<group>"; };
		074194C6216C683A00B1B58B /* PostListModel.swift */ = {isa = PBXFileReference; lastKnownFileType = sourcecode.swift; path = PostListModel.swift; sourceTree = "<group>"; };
		079A1DBE2158897D00CD57DC /* WebAPIHandler.swift */ = {isa = PBXFileReference; lastKnownFileType = sourcecode.swift; path = WebAPIHandler.swift; sourceTree = "<group>"; };
		079A1DC12158AEEB00CD57DC /* SignupFormController.swift */ = {isa = PBXFileReference; lastKnownFileType = sourcecode.swift; path = SignupFormController.swift; sourceTree = "<group>"; };
		079A1DC32158AF3100CD57DC /* BaseFormController.swift */ = {isa = PBXFileReference; lastKnownFileType = sourcecode.swift; path = BaseFormController.swift; sourceTree = "<group>"; };
		079A1DC52158B32200CD57DC /* FormSectionTitle.swift */ = {isa = PBXFileReference; fileEncoding = 4; lastKnownFileType = sourcecode.swift; path = FormSectionTitle.swift; sourceTree = "<group>"; };
		079A1DC62158B32200CD57DC /* FormSectionTItle.xib */ = {isa = PBXFileReference; fileEncoding = 4; lastKnownFileType = file.xib; path = FormSectionTItle.xib; sourceTree = "<group>"; };
		079A1DCB2158C9F900CD57DC /* SignupViewController.swift */ = {isa = PBXFileReference; lastKnownFileType = sourcecode.swift; path = SignupViewController.swift; sourceTree = "<group>"; };
		079A1DCE2158E51D00CD57DC /* DateHelper.swift */ = {isa = PBXFileReference; lastKnownFileType = sourcecode.swift; path = DateHelper.swift; sourceTree = "<group>"; };
		079A1DD02158F19700CD57DC /* AppDelegateExtension.swift */ = {isa = PBXFileReference; lastKnownFileType = sourcecode.swift; path = AppDelegateExtension.swift; sourceTree = "<group>"; };
		079A1DDD2158F4E100CD57DC /* Upload.storyboard */ = {isa = PBXFileReference; fileEncoding = 4; lastKnownFileType = file.storyboard; path = Upload.storyboard; sourceTree = "<group>"; };
		07C4DB80216311E600D778B5 /* UploadViewController.swift */ = {isa = PBXFileReference; lastKnownFileType = sourcecode.swift; path = UploadViewController.swift; sourceTree = "<group>"; };
		07C4DB822163166E00D778B5 /* Log.swift */ = {isa = PBXFileReference; lastKnownFileType = sourcecode.swift; path = Log.swift; sourceTree = "<group>"; };
		097D8E4D21749034004082AB /* .gitignore */ = {isa = PBXFileReference; fileEncoding = 4; lastKnownFileType = text; path = .gitignore; sourceTree = "<group>"; };
		1C14F8462359E92500EAC92F /* HomeCollectionViewController.swift */ = {isa = PBXFileReference; lastKnownFileType = sourcecode.swift; path = HomeCollectionViewController.swift; sourceTree = "<group>"; };
		1C14F8482359EC7100EAC92F /* HomeCollectionViewCell.swift */ = {isa = PBXFileReference; lastKnownFileType = sourcecode.swift; path = HomeCollectionViewCell.swift; sourceTree = "<group>"; };
		1C31F4F82323263F009FEE4F /* LandmarkViewController.swift */ = {isa = PBXFileReference; lastKnownFileType = sourcecode.swift; path = LandmarkViewController.swift; sourceTree = "<group>"; };
		1C31F4FA23232AE4009FEE4F /* StreetViewViewController.swift */ = {isa = PBXFileReference; lastKnownFileType = sourcecode.swift; path = StreetViewViewController.swift; sourceTree = "<group>"; };
		1C31F4FC23232BBB009FEE4F /* Landmark.storyboard */ = {isa = PBXFileReference; fileEncoding = 4; lastKnownFileType = file.storyboard; path = Landmark.storyboard; sourceTree = "<group>"; };
		1C31F4FD23232BBB009FEE4F /* StreetView.storyboard */ = {isa = PBXFileReference; fileEncoding = 4; lastKnownFileType = file.storyboard; path = StreetView.storyboard; sourceTree = "<group>"; };
		1C31F5012323304E009FEE4F /* MapViewController.swift */ = {isa = PBXFileReference; lastKnownFileType = sourcecode.swift; path = MapViewController.swift; sourceTree = "<group>"; };
		1C31F5022323304E009FEE4F /* MapViewController.xib */ = {isa = PBXFileReference; lastKnownFileType = file.xib; path = MapViewController.xib; sourceTree = "<group>"; };
		1C5516FC234B3D4500F07AD2 /* LandmarkData.swift */ = {isa = PBXFileReference; lastKnownFileType = sourcecode.swift; path = LandmarkData.swift; sourceTree = "<group>"; };
		1C5516FE234B57F600F07AD2 /* PredictResult.swift */ = {isa = PBXFileReference; lastKnownFileType = sourcecode.swift; path = PredictResult.swift; sourceTree = "<group>"; };
		1C9683472343628A006AE3EE /* HomeViewController.swift */ = {isa = PBXFileReference; lastKnownFileType = sourcecode.swift; path = HomeViewController.swift; sourceTree = "<group>"; };
		1C968349234362A6006AE3EE /* HomeTableViewCell.swift */ = {isa = PBXFileReference; lastKnownFileType = sourcecode.swift; path = HomeTableViewCell.swift; sourceTree = "<group>"; };
		1C96834B23436A5D006AE3EE /* HomeDetailViewController.swift */ = {isa = PBXFileReference; lastKnownFileType = sourcecode.swift; path = HomeDetailViewController.swift; sourceTree = "<group>"; };
		3416517569D00D4515C9862D /* Pods_SNSApp.framework */ = {isa = PBXFileReference; explicitFileType = wrapper.framework; includeInIndex = 0; path = Pods_SNSApp.framework; sourceTree = BUILT_PRODUCTS_DIR; };
		B8387B34DC79832AEED72CA9 /* Pods-SNSApp.debug.xcconfig */ = {isa = PBXFileReference; includeInIndex = 1; lastKnownFileType = text.xcconfig; name = "Pods-SNSApp.debug.xcconfig"; path = "Pods/Target Support Files/Pods-SNSApp/Pods-SNSApp.debug.xcconfig"; sourceTree = "<group>"; };
		E0249FA00AFD46D3C16D1B9E /* Pods-SNSApp.release.xcconfig */ = {isa = PBXFileReference; includeInIndex = 1; lastKnownFileType = text.xcconfig; name = "Pods-SNSApp.release.xcconfig"; path = "Pods/Target Support Files/Pods-SNSApp/Pods-SNSApp.release.xcconfig"; sourceTree = "<group>"; };
/* End PBXFileReference section */

/* Begin PBXFrameworksBuildPhase section */
		072427532144F959001D0F40 /* Frameworks */ = {
			isa = PBXFrameworksBuildPhase;
			buildActionMask = 2147483647;
			files = (
				2493885B81FB03B9AF667DA9 /* Pods_SNSApp.framework in Frameworks */,
			);
			runOnlyForDeploymentPostprocessing = 0;
		};
		0724276A2144F95C001D0F40 /* Frameworks */ = {
			isa = PBXFrameworksBuildPhase;
			buildActionMask = 2147483647;
			files = (
			);
			runOnlyForDeploymentPostprocessing = 0;
		};
		072427752144F95C001D0F40 /* Frameworks */ = {
			isa = PBXFrameworksBuildPhase;
			buildActionMask = 2147483647;
			files = (
			);
			runOnlyForDeploymentPostprocessing = 0;
		};
/* End PBXFrameworksBuildPhase section */

/* Begin PBXGroup section */
		0724274D2144F959001D0F40 = {
			isa = PBXGroup;
			children = (
				097D8E4D21749034004082AB /* .gitignore */,
				0710174B2164250E008C27FD /* kn_todo.md */,
				0724278F21450166001D0F40 /* README.md */,
				0724278D2144FF3A001D0F40 /* Podfile */,
				072427582144F95A001D0F40 /* SNSApp */,
				072427702144F95C001D0F40 /* SNSAppTests */,
				0724277B2144F95C001D0F40 /* SNSAppUITests */,
				072427572144F95A001D0F40 /* Products */,
				786DC01C71ACB476AEB55E94 /* Pods */,
				147A19DEE9D1D6D47A4AA6D4 /* Frameworks */,
			);
			sourceTree = "<group>";
		};
		072427572144F95A001D0F40 /* Products */ = {
			isa = PBXGroup;
			children = (
				072427562144F95A001D0F40 /* SNSApp.app */,
				0724276D2144F95C001D0F40 /* SNSAppTests.xctest */,
				072427782144F95C001D0F40 /* SNSAppUITests.xctest */,
			);
			name = Products;
			sourceTree = "<group>";
		};
		072427582144F95A001D0F40 /* SNSApp */ = {
			isa = PBXGroup;
			children = (
				1C96834623436271006AE3EE /* Home */,
				1C31F50023233031009FEE4F /* Map */,
				1C31F4F7232321AE009FEE4F /* TabBar */,
				074194C5216C680800B1B58B /* JsonModels */,
				074194C6216C683A00B1B58B /* PostListModel.swift */,
				079A1DDC2158F4E100CD57DC /* Upload */,
				079A1DCD2158C9FD00CD57DC /* LoginSignup */,
				079A1DC02158AEBB00CD57DC /* Forms */,
				0724278A2144FDFA001D0F40 /* CommonFuncs */,
				072427592144F95A001D0F40 /* AppDelegate.swift */,
				0724275D2144F95A001D0F40 /* Main.storyboard */,
				072427632144F95C001D0F40 /* Assets.xcassets */,
				072427652144F95C001D0F40 /* LaunchScreen.storyboard */,
				072427682144F95C001D0F40 /* Info.plist */,
				072427602144F95A001D0F40 /* SNSApp.xcdatamodeld */,
			);
			path = SNSApp;
			sourceTree = "<group>";
		};
		072427702144F95C001D0F40 /* SNSAppTests */ = {
			isa = PBXGroup;
			children = (
				072427712144F95C001D0F40 /* SNSAppTests.swift */,
				072427732144F95C001D0F40 /* Info.plist */,
			);
			path = SNSAppTests;
			sourceTree = "<group>";
		};
		0724277B2144F95C001D0F40 /* SNSAppUITests */ = {
			isa = PBXGroup;
			children = (
				0724277C2144F95C001D0F40 /* SNSAppUITests.swift */,
				0724277E2144F95C001D0F40 /* Info.plist */,
			);
			path = SNSAppUITests;
			sourceTree = "<group>";
		};
		0724278A2144FDFA001D0F40 /* CommonFuncs */ = {
			isa = PBXGroup;
			children = (
				0724278B2144FE17001D0F40 /* UIFuncs.swift */,
				079A1DBE2158897D00CD57DC /* WebAPIHandler.swift */,
				079A1DCE2158E51D00CD57DC /* DateHelper.swift */,
				079A1DD02158F19700CD57DC /* AppDelegateExtension.swift */,
				07C4DB822163166E00D778B5 /* Log.swift */,
				0710174921636ADD008C27FD /* MyExtensions.swift */,
				07397A00216F0B3D00B7B191 /* WebAPIExtension.swift */,
			);
			path = CommonFuncs;
			sourceTree = "<group>";
		};
		074194C5216C680800B1B58B /* JsonModels */ = {
			isa = PBXGroup;
			children = (
				1C5516FC234B3D4500F07AD2 /* LandmarkData.swift */,
				1C5516FE234B57F600F07AD2 /* PredictResult.swift */,
			);
			path = JsonModels;
			sourceTree = "<group>";
		};
		079A1DC02158AEBB00CD57DC /* Forms */ = {
			isa = PBXGroup;
			children = (
				079A1DC52158B32200CD57DC /* FormSectionTitle.swift */,
				079A1DC62158B32200CD57DC /* FormSectionTItle.xib */,
				079A1DC12158AEEB00CD57DC /* SignupFormController.swift */,
				079A1DC32158AF3100CD57DC /* BaseFormController.swift */,
			);
			path = Forms;
			sourceTree = "<group>";
		};
		079A1DCD2158C9FD00CD57DC /* LoginSignup */ = {
			isa = PBXGroup;
			children = (
				0724275B2144F95A001D0F40 /* LoginViewController.swift */,
				079A1DCB2158C9F900CD57DC /* SignupViewController.swift */,
			);
			path = LoginSignup;
			sourceTree = "<group>";
		};
		079A1DDC2158F4E100CD57DC /* Upload */ = {
			isa = PBXGroup;
			children = (
				079A1DDD2158F4E100CD57DC /* Upload.storyboard */,
				07C4DB80216311E600D778B5 /* UploadViewController.swift */,
			);
			path = Upload;
			sourceTree = "<group>";
		};
		147A19DEE9D1D6D47A4AA6D4 /* Frameworks */ = {
			isa = PBXGroup;
			children = (
				3416517569D00D4515C9862D /* Pods_SNSApp.framework */,
			);
			name = Frameworks;
			sourceTree = "<group>";
		};
		1C31F4F7232321AE009FEE4F /* TabBar */ = {
			isa = PBXGroup;
			children = (
				1C31F4FC23232BBB009FEE4F /* Landmark.storyboard */,
				1C31F4FD23232BBB009FEE4F /* StreetView.storyboard */,
				1C31F4F82323263F009FEE4F /* LandmarkViewController.swift */,
				1C31F4FA23232AE4009FEE4F /* StreetViewViewController.swift */,
			);
			path = TabBar;
			sourceTree = "<group>";
		};
		1C31F50023233031009FEE4F /* Map */ = {
			isa = PBXGroup;
			children = (
				1C31F5012323304E009FEE4F /* MapViewController.swift */,
				1C31F5022323304E009FEE4F /* MapViewController.xib */,
			);
			path = Map;
			sourceTree = "<group>";
		};
		1C96834623436271006AE3EE /* Home */ = {
			isa = PBXGroup;
			children = (
				1C9683472343628A006AE3EE /* HomeViewController.swift */,
				1C968349234362A6006AE3EE /* HomeTableViewCell.swift */,
				1C96834B23436A5D006AE3EE /* HomeDetailViewController.swift */,
				1C14F8462359E92500EAC92F /* HomeCollectionViewController.swift */,
				1C14F8482359EC7100EAC92F /* HomeCollectionViewCell.swift */,
			);
			path = Home;
			sourceTree = "<group>";
		};
		786DC01C71ACB476AEB55E94 /* Pods */ = {
			isa = PBXGroup;
			children = (
				B8387B34DC79832AEED72CA9 /* Pods-SNSApp.debug.xcconfig */,
				E0249FA00AFD46D3C16D1B9E /* Pods-SNSApp.release.xcconfig */,
			);
			name = Pods;
			sourceTree = "<group>";
		};
/* End PBXGroup section */

/* Begin PBXNativeTarget section */
		072427552144F959001D0F40 /* SNSApp */ = {
			isa = PBXNativeTarget;
			buildConfigurationList = 072427812144F95C001D0F40 /* Build configuration list for PBXNativeTarget "SNSApp" */;
			buildPhases = (
				A19264201CF8BF1E075096A7 /* [CP] Check Pods Manifest.lock */,
				072427522144F959001D0F40 /* Sources */,
				072427532144F959001D0F40 /* Frameworks */,
				072427542144F959001D0F40 /* Resources */,
				D4419B19692707A64C103881 /* [CP] Embed Pods Frameworks */,
			);
			buildRules = (
			);
			dependencies = (
			);
			name = SNSApp;
			productName = SNSApp;
			productReference = 072427562144F95A001D0F40 /* SNSApp.app */;
			productType = "com.apple.product-type.application";
		};
		0724276C2144F95C001D0F40 /* SNSAppTests */ = {
			isa = PBXNativeTarget;
			buildConfigurationList = 072427842144F95C001D0F40 /* Build configuration list for PBXNativeTarget "SNSAppTests" */;
			buildPhases = (
				072427692144F95C001D0F40 /* Sources */,
				0724276A2144F95C001D0F40 /* Frameworks */,
				0724276B2144F95C001D0F40 /* Resources */,
			);
			buildRules = (
			);
			dependencies = (
				0724276F2144F95C001D0F40 /* PBXTargetDependency */,
			);
			name = SNSAppTests;
			productName = SNSAppTests;
			productReference = 0724276D2144F95C001D0F40 /* SNSAppTests.xctest */;
			productType = "com.apple.product-type.bundle.unit-test";
		};
		072427772144F95C001D0F40 /* SNSAppUITests */ = {
			isa = PBXNativeTarget;
			buildConfigurationList = 072427872144F95C001D0F40 /* Build configuration list for PBXNativeTarget "SNSAppUITests" */;
			buildPhases = (
				072427742144F95C001D0F40 /* Sources */,
				072427752144F95C001D0F40 /* Frameworks */,
				072427762144F95C001D0F40 /* Resources */,
			);
			buildRules = (
			);
			dependencies = (
				0724277A2144F95C001D0F40 /* PBXTargetDependency */,
			);
			name = SNSAppUITests;
			productName = SNSAppUITests;
			productReference = 072427782144F95C001D0F40 /* SNSAppUITests.xctest */;
			productType = "com.apple.product-type.bundle.ui-testing";
		};
/* End PBXNativeTarget section */

/* Begin PBXProject section */
		0724274E2144F959001D0F40 /* Project object */ = {
			isa = PBXProject;
			attributes = {
				LastSwiftUpdateCheck = 0940;
				LastUpgradeCheck = 0940;
				ORGANIZATIONNAME = "Kang Ning";
				TargetAttributes = {
					072427552144F959001D0F40 = {
						CreatedOnToolsVersion = 9.4.1;
					};
					0724276C2144F95C001D0F40 = {
						CreatedOnToolsVersion = 9.4.1;
						TestTargetID = 072427552144F959001D0F40;
					};
					072427772144F95C001D0F40 = {
						CreatedOnToolsVersion = 9.4.1;
						TestTargetID = 072427552144F959001D0F40;
					};
				};
			};
			buildConfigurationList = 072427512144F959001D0F40 /* Build configuration list for PBXProject "SNSApp" */;
			compatibilityVersion = "Xcode 9.3";
			developmentRegion = en;
			hasScannedForEncodings = 0;
			knownRegions = (
				en,
				Base,
			);
			mainGroup = 0724274D2144F959001D0F40;
			productRefGroup = 072427572144F95A001D0F40 /* Products */;
			projectDirPath = "";
			projectRoot = "";
			targets = (
				072427552144F959001D0F40 /* SNSApp */,
				0724276C2144F95C001D0F40 /* SNSAppTests */,
				072427772144F95C001D0F40 /* SNSAppUITests */,
			);
		};
/* End PBXProject section */

/* Begin PBXResourcesBuildPhase section */
		072427542144F959001D0F40 /* Resources */ = {
			isa = PBXResourcesBuildPhase;
			buildActionMask = 2147483647;
			files = (
				072427672144F95C001D0F40 /* LaunchScreen.storyboard in Resources */,
				072427642144F95C001D0F40 /* Assets.xcassets in Resources */,
				1C31F4FF23232BBB009FEE4F /* StreetView.storyboard in Resources */,
				1C31F5042323304E009FEE4F /* MapViewController.xib in Resources */,
				0724278E2144FF3A001D0F40 /* Podfile in Resources */,
				079A1DC92158B32200CD57DC /* FormSectionTItle.xib in Resources */,
				1C31F4FE23232BBB009FEE4F /* Landmark.storyboard in Resources */,
				079A1DE52158F4E200CD57DC /* Upload.storyboard in Resources */,
				0724275F2144F95A001D0F40 /* Main.storyboard in Resources */,
				097D8E4E21749034004082AB /* .gitignore in Resources */,
			);
			runOnlyForDeploymentPostprocessing = 0;
		};
		0724276B2144F95C001D0F40 /* Resources */ = {
			isa = PBXResourcesBuildPhase;
			buildActionMask = 2147483647;
			files = (
			);
			runOnlyForDeploymentPostprocessing = 0;
		};
		072427762144F95C001D0F40 /* Resources */ = {
			isa = PBXResourcesBuildPhase;
			buildActionMask = 2147483647;
			files = (
			);
			runOnlyForDeploymentPostprocessing = 0;
		};
/* End PBXResourcesBuildPhase section */

/* Begin PBXShellScriptBuildPhase section */
		A19264201CF8BF1E075096A7 /* [CP] Check Pods Manifest.lock */ = {
			isa = PBXShellScriptBuildPhase;
			buildActionMask = 2147483647;
			files = (
			);
			inputPaths = (
				"${PODS_PODFILE_DIR_PATH}/Podfile.lock",
				"${PODS_ROOT}/Manifest.lock",
			);
			name = "[CP] Check Pods Manifest.lock";
			outputPaths = (
				"$(DERIVED_FILE_DIR)/Pods-SNSApp-checkManifestLockResult.txt",
			);
			runOnlyForDeploymentPostprocessing = 0;
			shellPath = /bin/sh;
			shellScript = "diff \"${PODS_PODFILE_DIR_PATH}/Podfile.lock\" \"${PODS_ROOT}/Manifest.lock\" > /dev/null\nif [ $? != 0 ] ; then\n    # print error to STDERR\n    echo \"error: The sandbox is not in sync with the Podfile.lock. Run 'pod install' or update your CocoaPods installation.\" >&2\n    exit 1\nfi\n# This output is used by Xcode 'outputs' to avoid re-running this script phase.\necho \"SUCCESS\" > \"${SCRIPT_OUTPUT_FILE_0}\"\n";
			showEnvVarsInLog = 0;
		};
		D4419B19692707A64C103881 /* [CP] Embed Pods Frameworks */ = {
			isa = PBXShellScriptBuildPhase;
			buildActionMask = 2147483647;
			files = (
			);
			inputFileListPaths = (
				"${PODS_ROOT}/Target Support Files/Pods-SNSApp/Pods-SNSApp-frameworks-${CONFIGURATION}-input-files.xcfilelist",
			);
			name = "[CP] Embed Pods Frameworks";
			outputFileListPaths = (
				"${PODS_ROOT}/Target Support Files/Pods-SNSApp/Pods-SNSApp-frameworks-${CONFIGURATION}-output-files.xcfilelist",
			);
			runOnlyForDeploymentPostprocessing = 0;
			shellPath = /bin/sh;
			shellScript = "\"${PODS_ROOT}/Target Support Files/Pods-SNSApp/Pods-SNSApp-frameworks.sh\"\n";
			showEnvVarsInLog = 0;
		};
/* End PBXShellScriptBuildPhase section */

/* Begin PBXSourcesBuildPhase section */
		072427522144F959001D0F40 /* Sources */ = {
			isa = PBXSourcesBuildPhase;
			buildActionMask = 2147483647;
			files = (
				1C5516FF234B57F600F07AD2 /* PredictResult.swift in Sources */,
				079A1DCC2158C9F900CD57DC /* SignupViewController.swift in Sources */,
				07C4DB81216311E600D778B5 /* UploadViewController.swift in Sources */,
				1C14F8472359E92500EAC92F /* HomeCollectionViewController.swift in Sources */,
				07C4DB832163166E00D778B5 /* Log.swift in Sources */,
				1C14F8492359EC7100EAC92F /* HomeCollectionViewCell.swift in Sources */,
				07397A01216F0B3E00B7B191 /* WebAPIExtension.swift in Sources */,
				072427622144F95A001D0F40 /* SNSApp.xcdatamodeld in Sources */,
				1C96834A234362A6006AE3EE /* HomeTableViewCell.swift in Sources */,
				1C9683482343628A006AE3EE /* HomeViewController.swift in Sources */,
				0724278C2144FE17001D0F40 /* UIFuncs.swift in Sources */,
				1C31F4F92323263F009FEE4F /* LandmarkViewController.swift in Sources */,
				0724275C2144F95A001D0F40 /* LoginViewController.swift in Sources */,
				1C31F5032323304E009FEE4F /* MapViewController.swift in Sources */,
				079A1DC22158AEEB00CD57DC /* SignupFormController.swift in Sources */,
				1C96834C23436A5D006AE3EE /* HomeDetailViewController.swift in Sources */,
				074194C7216C683A00B1B58B /* PostListModel.swift in Sources */,
				1C31F4FB23232AE4009FEE4F /* StreetViewViewController.swift in Sources */,
				0710174A21636ADD008C27FD /* MyExtensions.swift in Sources */,
				079A1DCF2158E51D00CD57DC /* DateHelper.swift in Sources */,
				079A1DC82158B32200CD57DC /* FormSectionTitle.swift in Sources */,
				0724275A2144F95A001D0F40 /* AppDelegate.swift in Sources */,
				079A1DBF2158897D00CD57DC /* WebAPIHandler.swift in Sources */,
				079A1DD12158F19800CD57DC /* AppDelegateExtension.swift in Sources */,
				079A1DC42158AF3100CD57DC /* BaseFormController.swift in Sources */,
				1C5516FD234B3D4500F07AD2 /* LandmarkData.swift in Sources */,
			);
			runOnlyForDeploymentPostprocessing = 0;
		};
		072427692144F95C001D0F40 /* Sources */ = {
			isa = PBXSourcesBuildPhase;
			buildActionMask = 2147483647;
			files = (
				072427722144F95C001D0F40 /* SNSAppTests.swift in Sources */,
			);
			runOnlyForDeploymentPostprocessing = 0;
		};
		072427742144F95C001D0F40 /* Sources */ = {
			isa = PBXSourcesBuildPhase;
			buildActionMask = 2147483647;
			files = (
				0724277D2144F95C001D0F40 /* SNSAppUITests.swift in Sources */,
			);
			runOnlyForDeploymentPostprocessing = 0;
		};
/* End PBXSourcesBuildPhase section */

/* Begin PBXTargetDependency section */
		0724276F2144F95C001D0F40 /* PBXTargetDependency */ = {
			isa = PBXTargetDependency;
			target = 072427552144F959001D0F40 /* SNSApp */;
			targetProxy = 0724276E2144F95C001D0F40 /* PBXContainerItemProxy */;
		};
		0724277A2144F95C001D0F40 /* PBXTargetDependency */ = {
			isa = PBXTargetDependency;
			target = 072427552144F959001D0F40 /* SNSApp */;
			targetProxy = 072427792144F95C001D0F40 /* PBXContainerItemProxy */;
		};
/* End PBXTargetDependency section */

/* Begin PBXVariantGroup section */
		0724275D2144F95A001D0F40 /* Main.storyboard */ = {
			isa = PBXVariantGroup;
			children = (
				0724275E2144F95A001D0F40 /* Base */,
			);
			name = Main.storyboard;
			sourceTree = "<group>";
		};
		072427652144F95C001D0F40 /* LaunchScreen.storyboard */ = {
			isa = PBXVariantGroup;
			children = (
				072427662144F95C001D0F40 /* Base */,
			);
			name = LaunchScreen.storyboard;
			sourceTree = "<group>";
		};
/* End PBXVariantGroup section */

/* Begin XCBuildConfiguration section */
		0724277F2144F95C001D0F40 /* Debug */ = {
			isa = XCBuildConfiguration;
			buildSettings = {
				ALWAYS_SEARCH_USER_PATHS = NO;
				CLANG_ANALYZER_NONNULL = YES;
				CLANG_ANALYZER_NUMBER_OBJECT_CONVERSION = YES_AGGRESSIVE;
				CLANG_CXX_LANGUAGE_STANDARD = "gnu++14";
				CLANG_CXX_LIBRARY = "libc++";
				CLANG_ENABLE_MODULES = YES;
				CLANG_ENABLE_OBJC_ARC = YES;
				CLANG_ENABLE_OBJC_WEAK = YES;
				CLANG_WARN_BLOCK_CAPTURE_AUTORELEASING = YES;
				CLANG_WARN_BOOL_CONVERSION = YES;
				CLANG_WARN_COMMA = YES;
				CLANG_WARN_CONSTANT_CONVERSION = YES;
				CLANG_WARN_DEPRECATED_OBJC_IMPLEMENTATIONS = YES;
				CLANG_WARN_DIRECT_OBJC_ISA_USAGE = YES_ERROR;
				CLANG_WARN_DOCUMENTATION_COMMENTS = YES;
				CLANG_WARN_EMPTY_BODY = YES;
				CLANG_WARN_ENUM_CONVERSION = YES;
				CLANG_WARN_INFINITE_RECURSION = YES;
				CLANG_WARN_INT_CONVERSION = YES;
				CLANG_WARN_NON_LITERAL_NULL_CONVERSION = YES;
				CLANG_WARN_OBJC_IMPLICIT_RETAIN_SELF = YES;
				CLANG_WARN_OBJC_LITERAL_CONVERSION = YES;
				CLANG_WARN_OBJC_ROOT_CLASS = YES_ERROR;
				CLANG_WARN_RANGE_LOOP_ANALYSIS = YES;
				CLANG_WARN_STRICT_PROTOTYPES = YES;
				CLANG_WARN_SUSPICIOUS_MOVE = YES;
				CLANG_WARN_UNGUARDED_AVAILABILITY = YES_AGGRESSIVE;
				CLANG_WARN_UNREACHABLE_CODE = YES;
				CLANG_WARN__DUPLICATE_METHOD_MATCH = YES;
				CODE_SIGN_IDENTITY = "iPhone Developer";
				COPY_PHASE_STRIP = NO;
				DEBUG_INFORMATION_FORMAT = dwarf;
				ENABLE_STRICT_OBJC_MSGSEND = YES;
				ENABLE_TESTABILITY = YES;
				GCC_C_LANGUAGE_STANDARD = gnu11;
				GCC_DYNAMIC_NO_PIC = NO;
				GCC_NO_COMMON_BLOCKS = YES;
				GCC_OPTIMIZATION_LEVEL = 0;
				GCC_PREPROCESSOR_DEFINITIONS = (
					"DEBUG=1",
					"$(inherited)",
				);
				GCC_WARN_64_TO_32_BIT_CONVERSION = YES;
				GCC_WARN_ABOUT_RETURN_TYPE = YES_ERROR;
				GCC_WARN_UNDECLARED_SELECTOR = YES;
				GCC_WARN_UNINITIALIZED_AUTOS = YES_AGGRESSIVE;
				GCC_WARN_UNUSED_FUNCTION = YES;
				GCC_WARN_UNUSED_VARIABLE = YES;
				IPHONEOS_DEPLOYMENT_TARGET = 10.3;
				MTL_ENABLE_DEBUG_INFO = YES;
				ONLY_ACTIVE_ARCH = YES;
				SDKROOT = iphoneos;
				SWIFT_ACTIVE_COMPILATION_CONDITIONS = DEBUG;
				SWIFT_OPTIMIZATION_LEVEL = "-Onone";
			};
			name = Debug;
		};
		072427802144F95C001D0F40 /* Release */ = {
			isa = XCBuildConfiguration;
			buildSettings = {
				ALWAYS_SEARCH_USER_PATHS = NO;
				CLANG_ANALYZER_NONNULL = YES;
				CLANG_ANALYZER_NUMBER_OBJECT_CONVERSION = YES_AGGRESSIVE;
				CLANG_CXX_LANGUAGE_STANDARD = "gnu++14";
				CLANG_CXX_LIBRARY = "libc++";
				CLANG_ENABLE_MODULES = YES;
				CLANG_ENABLE_OBJC_ARC = YES;
				CLANG_ENABLE_OBJC_WEAK = YES;
				CLANG_WARN_BLOCK_CAPTURE_AUTORELEASING = YES;
				CLANG_WARN_BOOL_CONVERSION = YES;
				CLANG_WARN_COMMA = YES;
				CLANG_WARN_CONSTANT_CONVERSION = YES;
				CLANG_WARN_DEPRECATED_OBJC_IMPLEMENTATIONS = YES;
				CLANG_WARN_DIRECT_OBJC_ISA_USAGE = YES_ERROR;
				CLANG_WARN_DOCUMENTATION_COMMENTS = YES;
				CLANG_WARN_EMPTY_BODY = YES;
				CLANG_WARN_ENUM_CONVERSION = YES;
				CLANG_WARN_INFINITE_RECURSION = YES;
				CLANG_WARN_INT_CONVERSION = YES;
				CLANG_WARN_NON_LITERAL_NULL_CONVERSION = YES;
				CLANG_WARN_OBJC_IMPLICIT_RETAIN_SELF = YES;
				CLANG_WARN_OBJC_LITERAL_CONVERSION = YES;
				CLANG_WARN_OBJC_ROOT_CLASS = YES_ERROR;
				CLANG_WARN_RANGE_LOOP_ANALYSIS = YES;
				CLANG_WARN_STRICT_PROTOTYPES = YES;
				CLANG_WARN_SUSPICIOUS_MOVE = YES;
				CLANG_WARN_UNGUARDED_AVAILABILITY = YES_AGGRESSIVE;
				CLANG_WARN_UNREACHABLE_CODE = YES;
				CLANG_WARN__DUPLICATE_METHOD_MATCH = YES;
				CODE_SIGN_IDENTITY = "iPhone Developer";
				COPY_PHASE_STRIP = NO;
				DEBUG_INFORMATION_FORMAT = "dwarf-with-dsym";
				ENABLE_NS_ASSERTIONS = NO;
				ENABLE_STRICT_OBJC_MSGSEND = YES;
				GCC_C_LANGUAGE_STANDARD = gnu11;
				GCC_NO_COMMON_BLOCKS = YES;
				GCC_WARN_64_TO_32_BIT_CONVERSION = YES;
				GCC_WARN_ABOUT_RETURN_TYPE = YES_ERROR;
				GCC_WARN_UNDECLARED_SELECTOR = YES;
				GCC_WARN_UNINITIALIZED_AUTOS = YES_AGGRESSIVE;
				GCC_WARN_UNUSED_FUNCTION = YES;
				GCC_WARN_UNUSED_VARIABLE = YES;
				IPHONEOS_DEPLOYMENT_TARGET = 10.3;
				MTL_ENABLE_DEBUG_INFO = NO;
				SDKROOT = iphoneos;
				SWIFT_COMPILATION_MODE = wholemodule;
				SWIFT_OPTIMIZATION_LEVEL = "-O";
				VALIDATE_PRODUCT = YES;
			};
			name = Release;
		};
		072427822144F95C001D0F40 /* Debug */ = {
			isa = XCBuildConfiguration;
			baseConfigurationReference = B8387B34DC79832AEED72CA9 /* Pods-SNSApp.debug.xcconfig */;
			buildSettings = {
				ASSETCATALOG_COMPILER_APPICON_NAME = AppIcon;
				CODE_SIGN_STYLE = Automatic;
				DEVELOPMENT_TEAM = TS386UZ5J7;
				INFOPLIST_FILE = SNSApp/Info.plist;
				IPHONEOS_DEPLOYMENT_TARGET = 10.3;
				LD_RUNPATH_SEARCH_PATHS = (
					"$(inherited)",
					"@executable_path/Frameworks",
				);
				PRODUCT_BUNDLE_IDENTIFIER = com.uom.landmarkofmelbourne;
				PRODUCT_NAME = "$(TARGET_NAME)";
				SWIFT_VERSION = 4.2;
				TARGETED_DEVICE_FAMILY = 1;
			};
			name = Debug;
		};
		072427832144F95C001D0F40 /* Release */ = {
			isa = XCBuildConfiguration;
			baseConfigurationReference = E0249FA00AFD46D3C16D1B9E /* Pods-SNSApp.release.xcconfig */;
			buildSettings = {
				ASSETCATALOG_COMPILER_APPICON_NAME = AppIcon;
				CODE_SIGN_STYLE = Automatic;
				DEVELOPMENT_TEAM = TS386UZ5J7;
				INFOPLIST_FILE = SNSApp/Info.plist;
				IPHONEOS_DEPLOYMENT_TARGET = 10.3;
				LD_RUNPATH_SEARCH_PATHS = (
					"$(inherited)",
					"@executable_path/Frameworks",
				);
				PRODUCT_BUNDLE_IDENTIFIER = com.uom.landmarkofmelbourne;
				PRODUCT_NAME = "$(TARGET_NAME)";
				SWIFT_VERSION = 4.2;
				TARGETED_DEVICE_FAMILY = 1;
			};
			name = Release;
		};
		072427852144F95C001D0F40 /* Debug */ = {
			isa = XCBuildConfiguration;
			buildSettings = {
				ALWAYS_EMBED_SWIFT_STANDARD_LIBRARIES = YES;
				BUNDLE_LOADER = "$(TEST_HOST)";
				CODE_SIGN_STYLE = Automatic;
				DEVELOPMENT_TEAM = KBZ584P6FG;
				INFOPLIST_FILE = SNSAppTests/Info.plist;
				LD_RUNPATH_SEARCH_PATHS = (
					"$(inherited)",
					"@executable_path/Frameworks",
					"@loader_path/Frameworks",
				);
				PRODUCT_BUNDLE_IDENTIFIER = unimelb.mobile.group1.SNSAppTests;
				PRODUCT_NAME = "$(TARGET_NAME)";
				SWIFT_VERSION = 4.0;
				TARGETED_DEVICE_FAMILY = "1,2";
				TEST_HOST = "$(BUILT_PRODUCTS_DIR)/SNSApp.app/SNSApp";
			};
			name = Debug;
		};
		072427862144F95C001D0F40 /* Release */ = {
			isa = XCBuildConfiguration;
			buildSettings = {
				ALWAYS_EMBED_SWIFT_STANDARD_LIBRARIES = YES;
				BUNDLE_LOADER = "$(TEST_HOST)";
				CODE_SIGN_STYLE = Automatic;
				DEVELOPMENT_TEAM = KBZ584P6FG;
				INFOPLIST_FILE = SNSAppTests/Info.plist;
				LD_RUNPATH_SEARCH_PATHS = (
					"$(inherited)",
					"@executable_path/Frameworks",
					"@loader_path/Frameworks",
				);
				PRODUCT_BUNDLE_IDENTIFIER = unimelb.mobile.group1.SNSAppTests;
				PRODUCT_NAME = "$(TARGET_NAME)";
				SWIFT_VERSION = 4.0;
				TARGETED_DEVICE_FAMILY = "1,2";
				TEST_HOST = "$(BUILT_PRODUCTS_DIR)/SNSApp.app/SNSApp";
			};
			name = Release;
		};
		072427882144F95C001D0F40 /* Debug */ = {
			isa = XCBuildConfiguration;
			buildSettings = {
				ALWAYS_EMBED_SWIFT_STANDARD_LIBRARIES = YES;
				CODE_SIGN_STYLE = Automatic;
				DEVELOPMENT_TEAM = KBZ584P6FG;
				INFOPLIST_FILE = SNSAppUITests/Info.plist;
				LD_RUNPATH_SEARCH_PATHS = (
					"$(inherited)",
					"@executable_path/Frameworks",
					"@loader_path/Frameworks",
				);
				PRODUCT_BUNDLE_IDENTIFIER = unimelb.mobile.group1.SNSAppUITests;
				PRODUCT_NAME = "$(TARGET_NAME)";
				SWIFT_VERSION = 4.0;
				TARGETED_DEVICE_FAMILY = "1,2";
				TEST_TARGET_NAME = SNSApp;
			};
			name = Debug;
		};
		072427892144F95C001D0F40 /* Release */ = {
			isa = XCBuildConfiguration;
			buildSettings = {
				ALWAYS_EMBED_SWIFT_STANDARD_LIBRARIES = YES;
				CODE_SIGN_STYLE = Automatic;
				DEVELOPMENT_TEAM = KBZ584P6FG;
				INFOPLIST_FILE = SNSAppUITests/Info.plist;
				LD_RUNPATH_SEARCH_PATHS = (
					"$(inherited)",
					"@executable_path/Frameworks",
					"@loader_path/Frameworks",
				);
				PRODUCT_BUNDLE_IDENTIFIER = unimelb.mobile.group1.SNSAppUITests;
				PRODUCT_NAME = "$(TARGET_NAME)";
				SWIFT_VERSION = 4.0;
				TARGETED_DEVICE_FAMILY = "1,2";
				TEST_TARGET_NAME = SNSApp;
			};
			name = Release;
		};
/* End XCBuildConfiguration section */

/* Begin XCConfigurationList section */
		072427512144F959001D0F40 /* Build configuration list for PBXProject "SNSApp" */ = {
			isa = XCConfigurationList;
			buildConfigurations = (
				0724277F2144F95C001D0F40 /* Debug */,
				072427802144F95C001D0F40 /* Release */,
			);
			defaultConfigurationIsVisible = 0;
			defaultConfigurationName = Release;
		};
		072427812144F95C001D0F40 /* Build configuration list for PBXNativeTarget "SNSApp" */ = {
			isa = XCConfigurationList;
			buildConfigurations = (
				072427822144F95C001D0F40 /* Debug */,
				072427832144F95C001D0F40 /* Release */,
			);
			defaultConfigurationIsVisible = 0;
			defaultConfigurationName = Release;
		};
		072427842144F95C001D0F40 /* Build configuration list for PBXNativeTarget "SNSAppTests" */ = {
			isa = XCConfigurationList;
			buildConfigurations = (
				072427852144F95C001D0F40 /* Debug */,
				072427862144F95C001D0F40 /* Release */,
			);
			defaultConfigurationIsVisible = 0;
			defaultConfigurationName = Release;
		};
		072427872144F95C001D0F40 /* Build configuration list for PBXNativeTarget "SNSAppUITests" */ = {
			isa = XCConfigurationList;
			buildConfigurations = (
				072427882144F95C001D0F40 /* Debug */,
				072427892144F95C001D0F40 /* Release */,
			);
			defaultConfigurationIsVisible = 0;
			defaultConfigurationName = Release;
		};
/* End XCConfigurationList section */

/* Begin XCVersionGroup section */
		072427602144F95A001D0F40 /* SNSApp.xcdatamodeld */ = {
			isa = XCVersionGroup;
			children = (
				072427612144F95A001D0F40 /* SNSApp.xcdatamodel */,
			);
			currentVersion = 072427612144F95A001D0F40 /* SNSApp.xcdatamodel */;
			path = SNSApp.xcdatamodeld;
			sourceTree = "<group>";
			versionGroupType = wrapper.xcdatamodel;
		};
/* End XCVersionGroup section */
	};
	rootObject = 0724274E2144F959001D0F40 /* Project object */;
}
